
Microsoft Visual Studio Solution File, Format Version 11.00
# Visual Studio 2010
Project("{8BC9CEB8-8B4A-11D0-8D11-00A0C91BC942}") = "libretro-prboom msvc2010", "msvc-2010/libretro-prboom msvc2010.vcxproj", "{11E790E0-2FB5-4E69-9615-03442AFCD994}"
EndProject
Global
	GlobalSection(SolutionConfigurationPlatforms) = preSolution
		Debug|Win32 = Debug|Win32
		Release|Win32 = Release|Win32
	EndGlobalSection
	GlobalSection(ProjectConfigurationPlatforms) = postSolution
		{11E790E0-2FB5-4E69-9615-03442AFCD994}.Debug|Win32.ActiveCfg = Debug|Win32
		{11E790E0-2FB5-4E69-9615-03442AFCD994}.Debug|Win32.Build.0 = Debug|Win32
		{11E790E0-2FB5-4E69-9615-03442AFCD994}.Release|Win32.ActiveCfg = Release|Win32
		{11E790E0-2FB5-4E69-9615-03442AFCD994}.Release|Win32.Build.0 = Release|Win32
	EndGlobalSection
	GlobalSection(SolutionProperties) = preSolution
		HideSolutionNode = FALSE
	EndGlobalSection
EndGlobal
